{
  "name": "babylon_exo",
  "version": "1.0.0",
  "lockfileVersion": 1,
  "requires": true,
  "dependencies": {
    "babylonjs": {
      "version": "4.0.3",
      "resolved": "https://registry.npmjs.org/babylonjs/-/babylonjs-4.0.3.tgz",
      "integrity": "sha512-S5PoPmf0Vo03FDmF9z8djBiIm8GSLvCesln/9aKV9RbD4W+NTqVmMKhR8CQoMRCQNb2JSKKUuyUygXxCRVG37Q=="
    },
    "babylonjs-gui": {
      "version": "4.0.3",
      "resolved": "https://registry.npmjs.org/babylonjs-gui/-/babylonjs-gui-4.0.3.tgz",
      "integrity": "sha512-6SvWXKd1xsKTuYDKG/OGXXc3EfPrMt3vykYdqqTngxA1smwj0LGLc2WGj3b6IXDSq9/lxQjhYlr+TlhQ6kuUqg==",
      "requires": {
        "babylonjs": "4.0.3"
      }
    },
    "babylonjs-materials": {
      "version": "4.0.3",
      "resolved": "https://registry.npmjs.org/babylonjs-materials/-/babylonjs-materials-4.0.3.tgz",
      "integrity": "sha512-Vy5FDAxLXXlN0EnnUlmTG2aBwfh1rQZbGxU04S3CZRPpqHXi/rsrPvr3R6R08N8E9D/o5AWTIpoTVj6yGazqkg==",
      "requires": {
        "babylonjs": "4.0.3"
      }
    }
  }
}
